# THIS IS AN AUTOGENERATED FILE. DO NOT EDIT THIS FILE DIRECTLY.
# yarn lockfile v1


react-hook-form@^7.19.5:
  version "7.19.5"
  resolved "https://registry.yarnpkg.com/react-hook-form/-/react-hook-form-7.19.5.tgz#cc6087419facf2fb57d47d5b0d4a8ca63201298f"
  integrity sha512-+M9gd0nWWASuEitf5PQGOGNElnHknzY3rGISrPDXwsOmZb7c/jyvkRUqk4OJXaZit1ZwesSv+EysttdAeFEfmw==
